
Microsoft Visual Studio Solution File, Format Version 12.00
# Visual Studio Version 17
VisualStudioVersion = 17.3.32804.467
MinimumVisualStudioVersion = 10.0.40219.1
Project("{8BC9CEB8-8B4A-11D0-8D11-00A0C91BC942}") = "G10 Shader Compiler", "G10 Shader Compiler.vcxproj", "{107B7595-2A25-49AB-9D62-77BD04D6CB2B}"
EndProject
Global
	GlobalSection(SolutionConfigurationPlatforms) = preSolution
		Debug|x64 = Debug|x64
		Debug|x86 = Debug|x86
		Release|x64 = Release|x64
		Release|x86 = Release|x86
	EndGlobalSection
	GlobalSection(ProjectConfigurationPlatforms) = postSolution
		{107B7595-2A25-49AB-9D62-77BD04D6CB2B}.Debug|x64.ActiveCfg = Debug|x64
		{107B7595-2A25-49AB-9D62-77BD04D6CB2B}.Debug|x64.Build.0 = Debug|x64
		{107B7595-2A25-49AB-9D62-77BD04D6CB2B}.Debug|x86.ActiveCfg = Debug|Win32
		{107B7595-2A25-49AB-9D62-77BD04D6CB2B}.Debug|x86.Build.0 = Debug|Win32
		{107B7595-2A25-49AB-9D62-77BD04D6CB2B}.Release|x64.ActiveCfg = Release|x64
		{107B7595-2A25-49AB-9D62-77BD04D6CB2B}.Release|x64.Build.0 = Release|x64
		{107B7595-2A25-49AB-9D62-77BD04D6CB2B}.Release|x86.ActiveCfg = Release|Win32
		{107B7595-2A25-49AB-9D62-77BD04D6CB2B}.Release|x86.Build.0 = Release|Win32
	EndGlobalSection
	GlobalSection(SolutionProperties) = preSolution
		HideSolutionNode = FALSE
	EndGlobalSection
	GlobalSection(ExtensibilityGlobals) = postSolution
		SolutionGuid = {3BE95CA7-83F1-4F06-A5C3-5685F2AF693D}
	EndGlobalSection
EndGlobal
